
Microsoft Visual Studio Solution File, Format Version 12.00
# Visual Studio Version 16
VisualStudioVersion = 16.0.30114.105
MinimumVisualStudioVersion = 10.0.40219.1
Project("{FAE04EC0-301F-11D3-BF4B-00C04F79EFBC}") = "TP_Git2", "TP_Git2\TP_Git2.csproj", "{B66570EB-0F03-4C6B-A2BE-2C5C9594AD4F}"
EndProject
Global
	GlobalSection(SolutionConfigurationPlatforms) = preSolution
		Debug|Any CPU = Debug|Any CPU
		Release|Any CPU = Release|Any CPU
	EndGlobalSection
	GlobalSection(ProjectConfigurationPlatforms) = postSolution
		{B66570EB-0F03-4C6B-A2BE-2C5C9594AD4F}.Debug|Any CPU.ActiveCfg = Debug|Any CPU
		{B66570EB-0F03-4C6B-A2BE-2C5C9594AD4F}.Debug|Any CPU.Build.0 = Debug|Any CPU
		{B66570EB-0F03-4C6B-A2BE-2C5C9594AD4F}.Release|Any CPU.ActiveCfg = Release|Any CPU
		{B66570EB-0F03-4C6B-A2BE-2C5C9594AD4F}.Release|Any CPU.Build.0 = Release|Any CPU
	EndGlobalSection
	GlobalSection(SolutionProperties) = preSolution
		HideSolutionNode = FALSE
	EndGlobalSection
	GlobalSection(ExtensibilityGlobals) = postSolution
		SolutionGuid = {33571425-36E8-41E9-A6A4-255ADE7C9460}
	EndGlobalSection
EndGlobal
